
Microsoft Visual Studio Solution File, Format Version 12.00
# Visual Studio Version 17
VisualStudioVersion = 17.4.34408.133
MinimumVisualStudioVersion = 10.0.40219.1
Project("{9A19103F-16F7-4668-BE54-9A1E7A4F7556}") = "Server", "Server\Server.csproj", "{2275354E-1296-4BDA-A531-77B3501A4DA5}"
EndProject
Project("{9A19103F-16F7-4668-BE54-9A1E7A4F7556}") = "Client", "Client\Client.csproj", "{31E9C105-E69E-4FE0-B062-60EDCDF9072B}"
EndProject
Project("{9A19103F-16F7-4668-BE54-9A1E7A4F7556}") = "BaseLibrary", "BaseLibrary\BaseLibrary.csproj", "{171F3762-397D-43CA-938F-7ADAF994B4ED}"
EndProject
Project("{9A19103F-16F7-4668-BE54-9A1E7A4F7556}") = "ClientLibrary", "ClientLibrary\ClientLibrary.csproj", "{DB7A528A-568C-48DE-97C5-87910A726F97}"
EndProject
Project("{9A19103F-16F7-4668-BE54-9A1E7A4F7556}") = "ServerLibrary", "ServerLibrary\ServerLibrary.csproj", "{CC3151A2-03F0-4971-83AB-9FAF01526A4E}"
EndProject
Global
	GlobalSection(SolutionConfigurationPlatforms) = preSolution
		Debug|Any CPU = Debug|Any CPU
		Release|Any CPU = Release|Any CPU
	EndGlobalSection
	GlobalSection(ProjectConfigurationPlatforms) = postSolution
		{2275354E-1296-4BDA-A531-77B3501A4DA5}.Debug|Any CPU.ActiveCfg = Debug|Any CPU
		{2275354E-1296-4BDA-A531-77B3501A4DA5}.Debug|Any CPU.Build.0 = Debug|Any CPU
		{2275354E-1296-4BDA-A531-77B3501A4DA5}.Release|Any CPU.ActiveCfg = Release|Any CPU
		{2275354E-1296-4BDA-A531-77B3501A4DA5}.Release|Any CPU.Build.0 = Release|Any CPU
		{31E9C105-E69E-4FE0-B062-60EDCDF9072B}.Debug|Any CPU.ActiveCfg = Debug|Any CPU
		{31E9C105-E69E-4FE0-B062-60EDCDF9072B}.Debug|Any CPU.Build.0 = Debug|Any CPU
		{31E9C105-E69E-4FE0-B062-60EDCDF9072B}.Release|Any CPU.ActiveCfg = Release|Any CPU
		{31E9C105-E69E-4FE0-B062-60EDCDF9072B}.Release|Any CPU.Build.0 = Release|Any CPU
		{171F3762-397D-43CA-938F-7ADAF994B4ED}.Debug|Any CPU.ActiveCfg = Debug|Any CPU
		{171F3762-397D-43CA-938F-7ADAF994B4ED}.Debug|Any CPU.Build.0 = Debug|Any CPU
		{171F3762-397D-43CA-938F-7ADAF994B4ED}.Release|Any CPU.ActiveCfg = Release|Any CPU
		{171F3762-397D-43CA-938F-7ADAF994B4ED}.Release|Any CPU.Build.0 = Release|Any CPU
		{DB7A528A-568C-48DE-97C5-87910A726F97}.Debug|Any CPU.ActiveCfg = Debug|Any CPU
		{DB7A528A-568C-48DE-97C5-87910A726F97}.Debug|Any CPU.Build.0 = Debug|Any CPU
		{DB7A528A-568C-48DE-97C5-87910A726F97}.Release|Any CPU.ActiveCfg = Release|Any CPU
		{DB7A528A-568C-48DE-97C5-87910A726F97}.Release|Any CPU.Build.0 = Release|Any CPU
		{CC3151A2-03F0-4971-83AB-9FAF01526A4E}.Debug|Any CPU.ActiveCfg = Debug|Any CPU
		{CC3151A2-03F0-4971-83AB-9FAF01526A4E}.Debug|Any CPU.Build.0 = Debug|Any CPU
		{CC3151A2-03F0-4971-83AB-9FAF01526A4E}.Release|Any CPU.ActiveCfg = Release|Any CPU
		{CC3151A2-03F0-4971-83AB-9FAF01526A4E}.Release|Any CPU.Build.0 = Release|Any CPU
	EndGlobalSection
	GlobalSection(SolutionProperties) = preSolution
		HideSolutionNode = FALSE
	EndGlobalSection
	GlobalSection(ExtensibilityGlobals) = postSolution
		SolutionGuid = {F22A3109-C2DC-4E1E-9278-3C02DCEBB455}
	EndGlobalSection
EndGlobal
